
Microsoft Visual Studio Solution File, Format Version 12.00
# Visual Studio Version 17
VisualStudioVersion = 17.0.32014.148
MinimumVisualStudioVersion = 10.0.40219.1
Project("{FAE04EC0-301F-11D3-BF4B-00C04F79EFBC}") = "ClashesManager", "ClashesManager\ClashesManager.csproj", "{2FBAC8EB-B1C6-4415-91CB-AE23D13697EE}"
EndProject
Global
	GlobalSection(SolutionConfigurationPlatforms) = preSolution
		Debug R19|Any CPU = Debug R19|Any CPU
		Debug R20|Any CPU = Debug R20|Any CPU
		Debug R21|Any CPU = Debug R21|Any CPU
		Debug R22|Any CPU = Debug R22|Any CPU
		Debug R23|Any CPU = Debug R23|Any CPU
		Release R19|Any CPU = Release R19|Any CPU
		Release R20|Any CPU = Release R20|Any CPU
		Release R21|Any CPU = Release R21|Any CPU
		Release R22|Any CPU = Release R22|Any CPU
		Release R23|Any CPU = Release R23|Any CPU
	EndGlobalSection
	GlobalSection(ProjectConfigurationPlatforms) = postSolution
		{2FBAC8EB-B1C6-4415-91CB-AE23D13697EE}.Debug R19|Any CPU.ActiveCfg = Debug R19|Any CPU
		{2FBAC8EB-B1C6-4415-91CB-AE23D13697EE}.Debug R19|Any CPU.Build.0 = Debug R19|Any CPU
		{2FBAC8EB-B1C6-4415-91CB-AE23D13697EE}.Debug R20|Any CPU.ActiveCfg = Debug R20|Any CPU
		{2FBAC8EB-B1C6-4415-91CB-AE23D13697EE}.Debug R20|Any CPU.Build.0 = Debug R20|Any CPU
		{2FBAC8EB-B1C6-4415-91CB-AE23D13697EE}.Debug R21|Any CPU.ActiveCfg = Debug R21|Any CPU
		{2FBAC8EB-B1C6-4415-91CB-AE23D13697EE}.Debug R21|Any CPU.Build.0 = Debug R21|Any CPU
		{2FBAC8EB-B1C6-4415-91CB-AE23D13697EE}.Debug R22|Any CPU.ActiveCfg = Debug R22|Any CPU
		{2FBAC8EB-B1C6-4415-91CB-AE23D13697EE}.Debug R22|Any CPU.Build.0 = Debug R22|Any CPU
		{2FBAC8EB-B1C6-4415-91CB-AE23D13697EE}.Debug R23|Any CPU.ActiveCfg = Debug R23|Any CPU
		{2FBAC8EB-B1C6-4415-91CB-AE23D13697EE}.Debug R23|Any CPU.Build.0 = Debug R23|Any CPU
		{2FBAC8EB-B1C6-4415-91CB-AE23D13697EE}.Release R19|Any CPU.ActiveCfg = Release R19|Any CPU
		{2FBAC8EB-B1C6-4415-91CB-AE23D13697EE}.Release R19|Any CPU.Build.0 = Release R19|Any CPU
		{2FBAC8EB-B1C6-4415-91CB-AE23D13697EE}.Release R20|Any CPU.ActiveCfg = Release R20|Any CPU
		{2FBAC8EB-B1C6-4415-91CB-AE23D13697EE}.Release R20|Any CPU.Build.0 = Release R20|Any CPU
		{2FBAC8EB-B1C6-4415-91CB-AE23D13697EE}.Release R21|Any CPU.ActiveCfg = Release R21|Any CPU
		{2FBAC8EB-B1C6-4415-91CB-AE23D13697EE}.Release R21|Any CPU.Build.0 = Release R21|Any CPU
		{2FBAC8EB-B1C6-4415-91CB-AE23D13697EE}.Release R22|Any CPU.ActiveCfg = Release R22|Any CPU
		{2FBAC8EB-B1C6-4415-91CB-AE23D13697EE}.Release R22|Any CPU.Build.0 = Release R22|Any CPU
		{2FBAC8EB-B1C6-4415-91CB-AE23D13697EE}.Release R23|Any CPU.ActiveCfg = Release R23|Any CPU
		{2FBAC8EB-B1C6-4415-91CB-AE23D13697EE}.Release R23|Any CPU.Build.0 = Release R23|Any CPU
	EndGlobalSection
	GlobalSection(SolutionProperties) = preSolution
		HideSolutionNode = FALSE
	EndGlobalSection
	GlobalSection(ExtensibilityGlobals) = postSolution
		SolutionGuid = {E47F725B-8E89-4488-9831-9F15CE00F753}
	EndGlobalSection
EndGlobal
